// !$*UTF8*$!
{
	archiveVersion = 1;
	classes = {
	};
	objectVersion = 46;
	objects = {

/* Begin PBXBuildFile section */
		4A469D7F3CF043D5D3C3CBE0 /* libPods.a in Frameworks */ = {isa = PBXBuildFile; fileRef = ACD41A783AEF9F3E582D5966 /* libPods.a */; };
		C8581DFA1D6BDFDA005C8AB0 /* main.m in Sources */ = {isa = PBXBuildFile; fileRef = C8581DF91D6BDFDA005C8AB0 /* main.m */; };
		C8581DFD1D6BDFDA005C8AB0 /* AppDelegate.m in Sources */ = {isa = PBXBuildFile; fileRef = C8581DFC1D6BDFDA005C8AB0 /* AppDelegate.m */; };
		C8581E001D6BDFDA005C8AB0 /* ViewController.m in Sources */ = {isa = PBXBuildFile; fileRef = C8581DFF1D6BDFDA005C8AB0 /* ViewController.m */; };
		C8581E031D6BDFDB005C8AB0 /* Main.storyboard in Resources */ = {isa = PBXBuildFile; fileRef = C8581E011D6BDFDB005C8AB0 /* Main.storyboard */; };
		C8581E051D6BDFDB005C8AB0 /* Assets.xcassets in Resources */ = {isa = PBXBuildFile; fileRef = C8581E041D6BDFDB005C8AB0 /* Assets.xcassets */; };
		C8581E081D6BDFDB005C8AB0 /* LaunchScreen.storyboard in Resources */ = {isa = PBXBuildFile; fileRef = C8581E061D6BDFDB005C8AB0 /* LaunchScreen.storyboard */; };
		C8581E131D6BE62B005C8AB0 /* NetworkOperationManager.m in Sources */ = {isa = PBXBuildFile; fileRef = C8581E121D6BE62B005C8AB0 /* NetworkOperationManager.m */; };
		C8581E191D6BEC2B005C8AB0 /* NetworkRequestManager.m in Sources */ = {isa = PBXBuildFile; fileRef = C8581E181D6BEC2B005C8AB0 /* NetworkRequestManager.m */; };
		C8636CB81D6C152400199406 /* UIViewController+NetworkOperationManager.m in Sources */ = {isa = PBXBuildFile; fileRef = C8636CB71D6C152400199406 /* UIViewController+NetworkOperationManager.m */; };
		C8636CC41D6C247E00199406 /* TestModel.m in Sources */ = {isa = PBXBuildFile; fileRef = C8636CC31D6C247E00199406 /* TestModel.m */; };
/* End PBXBuildFile section */

/* Begin PBXFileReference section */
		1799B355101E8153921A73B3 /* Pods.debug.xcconfig */ = {isa = PBXFileReference; includeInIndex = 1; lastKnownFileType = text.xcconfig; name = Pods.debug.xcconfig; path = "Pods/Target Support Files/Pods/Pods.debug.xcconfig"; sourceTree = "<group>"; };
		ACD41A783AEF9F3E582D5966 /* libPods.a */ = {isa = PBXFileReference; explicitFileType = archive.ar; includeInIndex = 0; path = libPods.a; sourceTree = BUILT_PRODUCTS_DIR; };
		C8581DF51D6BDFDA005C8AB0 /* NetWork.app */ = {isa = PBXFileReference; explicitFileType = wrapper.application; includeInIndex = 0; path = NetWork.app; sourceTree = BUILT_PRODUCTS_DIR; };
		C8581DF91D6BDFDA005C8AB0 /* main.m */ = {isa = PBXFileReference; lastKnownFileType = sourcecode.c.objc; path = main.m; sourceTree = "<group>"; };
		C8581DFB1D6BDFDA005C8AB0 /* AppDelegate.h */ = {isa = PBXFileReference; lastKnownFileType = sourcecode.c.h; path = AppDelegate.h; sourceTree = "<group>"; };
		C8581DFC1D6BDFDA005C8AB0 /* AppDelegate.m */ = {isa = PBXFileReference; lastKnownFileType = sourcecode.c.objc; path = AppDelegate.m; sourceTree = "<group>"; };
		C8581DFE1D6BDFDA005C8AB0 /* ViewController.h */ = {isa = PBXFileReference; lastKnownFileType = sourcecode.c.h; path = ViewController.h; sourceTree = "<group>"; };
		C8581DFF1D6BDFDA005C8AB0 /* ViewController.m */ = {isa = PBXFileReference; lastKnownFileType = sourcecode.c.objc; path = ViewController.m; sourceTree = "<group>"; };
		C8581E021D6BDFDB005C8AB0 /* Base */ = {isa = PBXFileReference; lastKnownFileType = file.storyboard; name = Base; path = Base.lproj/Main.storyboard; sourceTree = "<group>"; };
		C8581E041D6BDFDB005C8AB0 /* Assets.xcassets */ = {isa = PBXFileReference; lastKnownFileType = folder.assetcatalog; path = Assets.xcassets; sourceTree = "<group>"; };
		C8581E071D6BDFDB005C8AB0 /* Base */ = {isa = PBXFileReference; lastKnownFileType = file.storyboard; name = Base; path = Base.lproj/LaunchScreen.storyboard; sourceTree = "<group>"; };
		C8581E091D6BDFDB005C8AB0 /* Info.plist */ = {isa = PBXFileReference; lastKnownFileType = text.plist.xml; path = Info.plist; sourceTree = "<group>"; };
		C8581E0F1D6BE132005C8AB0 /* PrefixHeader.pch */ = {isa = PBXFileReference; fileEncoding = 4; lastKnownFileType = sourcecode.c.h; path = PrefixHeader.pch; sourceTree = "<group>"; };
		C8581E111D6BE62B005C8AB0 /* NetworkOperationManager.h */ = {isa = PBXFileReference; fileEncoding = 4; lastKnownFileType = sourcecode.c.h; path = NetworkOperationManager.h; sourceTree = "<group>"; };
		C8581E121D6BE62B005C8AB0 /* NetworkOperationManager.m */ = {isa = PBXFileReference; fileEncoding = 4; lastKnownFileType = sourcecode.c.objc; path = NetworkOperationManager.m; sourceTree = "<group>"; };
		C8581E171D6BEC2B005C8AB0 /* NetworkRequestManager.h */ = {isa = PBXFileReference; fileEncoding = 4; lastKnownFileType = sourcecode.c.h; path = NetworkRequestManager.h; sourceTree = "<group>"; };
		C8581E181D6BEC2B005C8AB0 /* NetworkRequestManager.m */ = {isa = PBXFileReference; fileEncoding = 4; lastKnownFileType = sourcecode.c.objc; path = NetworkRequestManager.m; sourceTree = "<group>"; };
		C8636CB61D6C152400199406 /* UIViewController+NetworkOperationManager.h */ = {isa = PBXFileReference; fileEncoding = 4; lastKnownFileType = sourcecode.c.h; path = "UIViewController+NetworkOperationManager.h"; sourceTree = "<group>"; };
		C8636CB71D6C152400199406 /* UIViewController+NetworkOperationManager.m */ = {isa = PBXFileReference; fileEncoding = 4; lastKnownFileType = sourcecode.c.objc; path = "UIViewController+NetworkOperationManager.m"; sourceTree = "<group>"; };
		C8636CC21D6C247E00199406 /* TestModel.h */ = {isa = PBXFileReference; fileEncoding = 4; lastKnownFileType = sourcecode.c.h; path = TestModel.h; sourceTree = "<group>"; };
		C8636CC31D6C247E00199406 /* TestModel.m */ = {isa = PBXFileReference; fileEncoding = 4; lastKnownFileType = sourcecode.c.objc; path = TestModel.m; sourceTree = "<group>"; };
		F4690E94D8A4218BD5B5DA4A /* Pods.release.xcconfig */ = {isa = PBXFileReference; includeInIndex = 1; lastKnownFileType = text.xcconfig; name = Pods.release.xcconfig; path = "Pods/Target Support Files/Pods/Pods.release.xcconfig"; sourceTree = "<group>"; };
/* End PBXFileReference section */

/* Begin PBXFrameworksBuildPhase section */
		C8581DF21D6BDFDA005C8AB0 /* Frameworks */ = {
			isa = PBXFrameworksBuildPhase;
			buildActionMask = 2147483647;
			files = (
				4A469D7F3CF043D5D3C3CBE0 /* libPods.a in Frameworks */,
			);
			runOnlyForDeploymentPostprocessing = 0;
		};
/* End PBXFrameworksBuildPhase section */

/* Begin PBXGroup section */
		A5A651D9346ECE718F5AD034 /* Pods */ = {
			isa = PBXGroup;
			children = (
				1799B355101E8153921A73B3 /* Pods.debug.xcconfig */,
				F4690E94D8A4218BD5B5DA4A /* Pods.release.xcconfig */,
			);
			name = Pods;
			sourceTree = "<group>";
		};
		B49F3A0022E4DF2282249237 /* Frameworks */ = {
			isa = PBXGroup;
			children = (
				ACD41A783AEF9F3E582D5966 /* libPods.a */,
			);
			name = Frameworks;
			sourceTree = "<group>";
		};
		C8581DEC1D6BDFDA005C8AB0 = {
			isa = PBXGroup;
			children = (
				C8581DF71D6BDFDA005C8AB0 /* NetWork */,
				C8581DF61D6BDFDA005C8AB0 /* Products */,
				A5A651D9346ECE718F5AD034 /* Pods */,
				B49F3A0022E4DF2282249237 /* Frameworks */,
			);
			sourceTree = "<group>";
		};
		C8581DF61D6BDFDA005C8AB0 /* Products */ = {
			isa = PBXGroup;
			children = (
				C8581DF51D6BDFDA005C8AB0 /* NetWork.app */,
			);
			name = Products;
			sourceTree = "<group>";
		};
		C8581DF71D6BDFDA005C8AB0 /* NetWork */ = {
			isa = PBXGroup;
			children = (
				C8581E101D6BE4E0005C8AB0 /* NetWork */,
				C8581DFB1D6BDFDA005C8AB0 /* AppDelegate.h */,
				C8581DFC1D6BDFDA005C8AB0 /* AppDelegate.m */,
				C8581DFE1D6BDFDA005C8AB0 /* ViewController.h */,
				C8581DFF1D6BDFDA005C8AB0 /* ViewController.m */,
				C8636CC21D6C247E00199406 /* TestModel.h */,
				C8636CC31D6C247E00199406 /* TestModel.m */,
				C8581E011D6BDFDB005C8AB0 /* Main.storyboard */,
				C8581E041D6BDFDB005C8AB0 /* Assets.xcassets */,
				C8581E061D6BDFDB005C8AB0 /* LaunchScreen.storyboard */,
				C8581E091D6BDFDB005C8AB0 /* Info.plist */,
				C8581E0F1D6BE132005C8AB0 /* PrefixHeader.pch */,
				C8581DF81D6BDFDA005C8AB0 /* Supporting Files */,
			);
			path = NetWork;
			sourceTree = "<group>";
		};
		C8581DF81D6BDFDA005C8AB0 /* Supporting Files */ = {
			isa = PBXGroup;
			children = (
				C8581DF91D6BDFDA005C8AB0 /* main.m */,
			);
			name = "Supporting Files";
			sourceTree = "<group>";
		};
		C8581E101D6BE4E0005C8AB0 /* NetWork */ = {
			isa = PBXGroup;
			children = (
				C8581E171D6BEC2B005C8AB0 /* NetworkRequestManager.h */,
				C8581E181D6BEC2B005C8AB0 /* NetworkRequestManager.m */,
				C8581E111D6BE62B005C8AB0 /* NetworkOperationManager.h */,
				C8581E121D6BE62B005C8AB0 /* NetworkOperationManager.m */,
				C8636CB61D6C152400199406 /* UIViewController+NetworkOperationManager.h */,
				C8636CB71D6C152400199406 /* UIViewController+NetworkOperationManager.m */,
			);
			path = NetWork;
			sourceTree = "<group>";
		};
/* End PBXGroup section */

/* Begin PBXNativeTarget section */
		C8581DF41D6BDFDA005C8AB0 /* NetWork */ = {
			isa = PBXNativeTarget;
			buildConfigurationList = C8581E0C1D6BDFDB005C8AB0 /* Build configuration list for PBXNativeTarget "NetWork" */;
			buildPhases = (
				D7123E668EEA20B666C10868 /* Check Pods Manifest.lock */,
				C8581DF11D6BDFDA005C8AB0 /* Sources */,
				C8581DF21D6BDFDA005C8AB0 /* Frameworks */,
				C8581DF31D6BDFDA005C8AB0 /* Resources */,
				D4E5ABE08289C6CFACF23DF4 /* Embed Pods Frameworks */,
				90274986C9AA7FD400132AD3 /* Copy Pods Resources */,
			);
			buildRules = (
			);
			dependencies = (
			);
			name = NetWork;
			productName = NetWork;
			productReference = C8581DF51D6BDFDA005C8AB0 /* NetWork.app */;
			productType = "com.apple.product-type.application";
		};
/* End PBXNativeTarget section */

/* Begin PBXProject section */
		C8581DED1D6BDFDA005C8AB0 /* Project object */ = {
			isa = PBXProject;
			attributes = {
				LastUpgradeCheck = 0730;
				ORGANIZATIONNAME = xiong;
				TargetAttributes = {
					C8581DF41D6BDFDA005C8AB0 = {
						CreatedOnToolsVersion = 7.3.1;
					};
				};
			};
			buildConfigurationList = C8581DF01D6BDFDA005C8AB0 /* Build configuration list for PBXProject "NetWork" */;
			compatibilityVersion = "Xcode 3.2";
			developmentRegion = English;
			hasScannedForEncodings = 0;
			knownRegions = (
				en,
				Base,
			);
			mainGroup = C8581DEC1D6BDFDA005C8AB0;
			productRefGroup = C8581DF61D6BDFDA005C8AB0 /* Products */;
			projectDirPath = "";
			projectRoot = "";
			targets = (
				C8581DF41D6BDFDA005C8AB0 /* NetWork */,
			);
		};
/* End PBXProject section */

/* Begin PBXResourcesBuildPhase section */
		C8581DF31D6BDFDA005C8AB0 /* Resources */ = {
			isa = PBXResourcesBuildPhase;
			buildActionMask = 2147483647;
			files = (
				C8581E081D6BDFDB005C8AB0 /* LaunchScreen.storyboard in Resources */,
				C8581E051D6BDFDB005C8AB0 /* Assets.xcassets in Resources */,
				C8581E031D6BDFDB005C8AB0 /* Main.storyboard in Resources */,
			);
			runOnlyForDeploymentPostprocessing = 0;
		};
/* End PBXResourcesBuildPhase section */

/* Begin PBXShellScriptBuildPhase section */
		90274986C9AA7FD400132AD3 /* Copy Pods Resources */ = {
			isa = PBXShellScriptBuildPhase;
			buildActionMask = 2147483647;
			files = (
			);
			inputPaths = (
			);
			name = "Copy Pods Resources";
			outputPaths = (
			);
			runOnlyForDeploymentPostprocessing = 0;
			shellPath = /bin/sh;
			shellScript = "\"${SRCROOT}/Pods/Target Support Files/Pods/Pods-resources.sh\"\n";
			showEnvVarsInLog = 0;
		};
		D4E5ABE08289C6CFACF23DF4 /* Embed Pods Frameworks */ = {
			isa = PBXShellScriptBuildPhase;
			buildActionMask = 2147483647;
			files = (
			);
			inputPaths = (
			);
			name = "Embed Pods Frameworks";
			outputPaths = (
			);
			runOnlyForDeploymentPostprocessing = 0;
			shellPath = /bin/sh;
			shellScript = "\"${SRCROOT}/Pods/Target Support Files/Pods/Pods-frameworks.sh\"\n";
			showEnvVarsInLog = 0;
		};
		D7123E668EEA20B666C10868 /* Check Pods Manifest.lock */ = {
			isa = PBXShellScriptBuildPhase;
			buildActionMask = 2147483647;
			files = (
			);
			inputPaths = (
			);
			name = "Check Pods Manifest.lock";
			outputPaths = (
			);
			runOnlyForDeploymentPostprocessing = 0;
			shellPath = /bin/sh;
			shellScript = "diff \"${PODS_ROOT}/../Podfile.lock\" \"${PODS_ROOT}/Manifest.lock\" > /dev/null\nif [[ $? != 0 ]] ; then\n    cat << EOM\nerror: The sandbox is not in sync with the Podfile.lock. Run 'pod install' or update your CocoaPods installation.\nEOM\n    exit 1\nfi\n";
			showEnvVarsInLog = 0;
		};
/* End PBXShellScriptBuildPhase section */

/* Begin PBXSourcesBuildPhase section */
		C8581DF11D6BDFDA005C8AB0 /* Sources */ = {
			isa = PBXSourcesBuildPhase;
			buildActionMask = 2147483647;
			files = (
				C8581E131D6BE62B005C8AB0 /* NetworkOperationManager.m in Sources */,
				C8636CB81D6C152400199406 /* UIViewController+NetworkOperationManager.m in Sources */,
				C8581E001D6BDFDA005C8AB0 /* ViewController.m in Sources */,
				C8581E191D6BEC2B005C8AB0 /* NetworkRequestManager.m in Sources */,
				C8581DFD1D6BDFDA005C8AB0 /* AppDelegate.m in Sources */,
				C8636CC41D6C247E00199406 /* TestModel.m in Sources */,
				C8581DFA1D6BDFDA005C8AB0 /* main.m in Sources */,
			);
			runOnlyForDeploymentPostprocessing = 0;
		};
/* End PBXSourcesBuildPhase section */

/* Begin PBXVariantGroup section */
		C8581E011D6BDFDB005C8AB0 /* Main.storyboard */ = {
			isa = PBXVariantGroup;
			children = (
				C8581E021D6BDFDB005C8AB0 /* Base */,
			);
			name = Main.storyboard;
			sourceTree = "<group>";
		};
		C8581E061D6BDFDB005C8AB0 /* LaunchScreen.storyboard */ = {
			isa = PBXVariantGroup;
			children = (
				C8581E071D6BDFDB005C8AB0 /* Base */,
			);
			name = LaunchScreen.storyboard;
			sourceTree = "<group>";
		};
/* End PBXVariantGroup section */

/* Begin XCBuildConfiguration section */
		C8581E0A1D6BDFDB005C8AB0 /* Debug */ = {
			isa = XCBuildConfiguration;
			buildSettings = {
				ALWAYS_SEARCH_USER_PATHS = NO;
				CLANG_ANALYZER_NONNULL = YES;
				CLANG_CXX_LANGUAGE_STANDARD = "gnu++0x";
				CLANG_CXX_LIBRARY = "libc++";
				CLANG_ENABLE_MODULES = YES;
				CLANG_ENABLE_OBJC_ARC = YES;
				CLANG_WARN_BOOL_CONVERSION = YES;
				CLANG_WARN_CONSTANT_CONVERSION = YES;
				CLANG_WARN_DIRECT_OBJC_ISA_USAGE = YES_ERROR;
				CLANG_WARN_EMPTY_BODY = YES;
				CLANG_WARN_ENUM_CONVERSION = YES;
				CLANG_WARN_INT_CONVERSION = YES;
				CLANG_WARN_OBJC_ROOT_CLASS = YES_ERROR;
				CLANG_WARN_UNREACHABLE_CODE = YES;
				CLANG_WARN__DUPLICATE_METHOD_MATCH = YES;
				"CODE_SIGN_IDENTITY[sdk=iphoneos*]" = "iPhone Developer";
				COPY_PHASE_STRIP = NO;
				DEBUG_INFORMATION_FORMAT = dwarf;
				ENABLE_STRICT_OBJC_MSGSEND = YES;
				ENABLE_TESTABILITY = YES;
				GCC_C_LANGUAGE_STANDARD = gnu99;
				GCC_DYNAMIC_NO_PIC = NO;
				GCC_NO_COMMON_BLOCKS = YES;
				GCC_OPTIMIZATION_LEVEL = 0;
				GCC_PREPROCESSOR_DEFINITIONS = (
					"DEBUG=1",
					"$(inherited)",
				);
				GCC_WARN_64_TO_32_BIT_CONVERSION = YES;
				GCC_WARN_ABOUT_RETURN_TYPE = YES_ERROR;
				GCC_WARN_UNDECLARED_SELECTOR = YES;
				GCC_WARN_UNINITIALIZED_AUTOS = YES_AGGRESSIVE;
				GCC_WARN_UNUSED_FUNCTION = YES;
				GCC_WARN_UNUSED_VARIABLE = YES;
				IPHONEOS_DEPLOYMENT_TARGET = 9.3;
				MTL_ENABLE_DEBUG_INFO = YES;
				ONLY_ACTIVE_ARCH = YES;
				SDKROOT = iphoneos;
				TARGETED_DEVICE_FAMILY = "1,2";
			};
			name = Debug;
		};
		C8581E0B1D6BDFDB005C8AB0 /* Release */ = {
			isa = XCBuildConfiguration;
			buildSettings = {
				ALWAYS_SEARCH_USER_PATHS = NO;
				CLANG_ANALYZER_NONNULL = YES;
				CLANG_CXX_LANGUAGE_STANDARD = "gnu++0x";
				CLANG_CXX_LIBRARY = "libc++";
				CLANG_ENABLE_MODULES = YES;
				CLANG_ENABLE_OBJC_ARC = YES;
				CLANG_WARN_BOOL_CONVERSION = YES;
				CLANG_WARN_CONSTANT_CONVERSION = YES;
				CLANG_WARN_DIRECT_OBJC_ISA_USAGE = YES_ERROR;
				CLANG_WARN_EMPTY_BODY = YES;
				CLANG_WARN_ENUM_CONVERSION = YES;
				CLANG_WARN_INT_CONVERSION = YES;
				CLANG_WARN_OBJC_ROOT_CLASS = YES_ERROR;
				CLANG_WARN_UNREACHABLE_CODE = YES;
				CLANG_WARN__DUPLICATE_METHOD_MATCH = YES;
				"CODE_SIGN_IDENTITY[sdk=iphoneos*]" = "iPhone Developer";
				COPY_PHASE_STRIP = NO;
				DEBUG_INFORMATION_FORMAT = "dwarf-with-dsym";
				ENABLE_NS_ASSERTIONS = NO;
				ENABLE_STRICT_OBJC_MSGSEND = YES;
				GCC_C_LANGUAGE_STANDARD = gnu99;
				GCC_NO_COMMON_BLOCKS = YES;
				GCC_WARN_64_TO_32_BIT_CONVERSION = YES;
				GCC_WARN_ABOUT_RETURN_TYPE = YES_ERROR;
				GCC_WARN_UNDECLARED_SELECTOR = YES;
				GCC_WARN_UNINITIALIZED_AUTOS = YES_AGGRESSIVE;
				GCC_WARN_UNUSED_FUNCTION = YES;
				GCC_WARN_UNUSED_VARIABLE = YES;
				IPHONEOS_DEPLOYMENT_TARGET = 9.3;
				MTL_ENABLE_DEBUG_INFO = NO;
				SDKROOT = iphoneos;
				TARGETED_DEVICE_FAMILY = "1,2";
				VALIDATE_PRODUCT = YES;
			};
			name = Release;
		};
		C8581E0D1D6BDFDB005C8AB0 /* Debug */ = {
			isa = XCBuildConfiguration;
			baseConfigurationReference = 1799B355101E8153921A73B3 /* Pods.debug.xcconfig */;
			buildSettings = {
				ASSETCATALOG_COMPILER_APPICON_NAME = AppIcon;
				GCC_PREFIX_HEADER = "${SRCROOT}/NetWork/PrefixHeader.pch";
				INFOPLIST_FILE = NetWork/Info.plist;
				IPHONEOS_DEPLOYMENT_TARGET = 9.3;
				LD_RUNPATH_SEARCH_PATHS = "$(inherited) @executable_path/Frameworks";
				PRODUCT_BUNDLE_IDENTIFIER = com.paic.leis.csr;
				PRODUCT_NAME = "$(TARGET_NAME)";
			};
			name = Debug;
		};
		C8581E0E1D6BDFDB005C8AB0 /* Release */ = {
			isa = XCBuildConfiguration;
			baseConfigurationReference = F4690E94D8A4218BD5B5DA4A /* Pods.release.xcconfig */;
			buildSettings = {
				ASSETCATALOG_COMPILER_APPICON_NAME = AppIcon;
				GCC_PREFIX_HEADER = "${SRCROOT}/NetWork/PrefixHeader.pch";
				INFOPLIST_FILE = NetWork/Info.plist;
				IPHONEOS_DEPLOYMENT_TARGET = 9.3;
				LD_RUNPATH_SEARCH_PATHS = "$(inherited) @executable_path/Frameworks";
				PRODUCT_BUNDLE_IDENTIFIER = com.paic.leis.csr;
				PRODUCT_NAME = "$(TARGET_NAME)";
			};
			name = Release;
		};
/* End XCBuildConfiguration section */

/* Begin XCConfigurationList section */
		C8581DF01D6BDFDA005C8AB0 /* Build configuration list for PBXProject "NetWork" */ = {
			isa = XCConfigurationList;
			buildConfigurations = (
				C8581E0A1D6BDFDB005C8AB0 /* Debug */,
				C8581E0B1D6BDFDB005C8AB0 /* Release */,
			);
			defaultConfigurationIsVisible = 0;
			defaultConfigurationName = Release;
		};
		C8581E0C1D6BDFDB005C8AB0 /* Build configuration list for PBXNativeTarget "NetWork" */ = {
			isa = XCConfigurationList;
			buildConfigurations = (
				C8581E0D1D6BDFDB005C8AB0 /* Debug */,
				C8581E0E1D6BDFDB005C8AB0 /* Release */,
			);
			defaultConfigurationIsVisible = 0;
			defaultConfigurationName = Release;
		};
/* End XCConfigurationList section */
	};
	rootObject = C8581DED1D6BDFDA005C8AB0 /* Project object */;
}
